// !$*UTF8*$!
{
	archiveVersion = 1;
	classes = {
	};
	objectVersion = 77;
	objects = {

/* Begin PBXBuildFile section */
		5A000000000000000000000F /* Logos in Resources */ = {isa = PBXBuildFile; fileRef = 5A0000000000000000000007 /* Logos */; };
		5A0000000000000000000010 /* turnscope in Copy Helper */ = {isa = PBXBuildFile; fileRef = 5A0000000000000000000009 /* turnscope */; settings = {ATTRIBUTES = (CodeSignOnCopy, ); }; };
		5A0000000000000000000015 /* TurnscopeKit in Frameworks */ = {isa = PBXBuildFile; productRef = 5A0000000000000000000013 /* TurnscopeKit */; };
		5A0000000000000000000016 /* Sparkle in Frameworks */ = {isa = PBXBuildFile; productRef = 5A0000000000000000000014 /* Sparkle */; };
/* End PBXBuildFile section */

/* Begin PBXCopyFilesBuildPhase section */
		5A000000000000000000000E /* Copy Helper */ = {
			isa = PBXCopyFilesBuildPhase;
			buildActionMask = 2147483647;
			dstPath = Contents/Helpers;
			dstSubfolderSpec = 1;
			files = (
				5A0000000000000000000010 /* turnscope in Copy Helper */,
			);
			name = "Copy Helper";
			runOnlyForDeploymentPostprocessing = 0;
		};
/* End PBXCopyFilesBuildPhase section */

/* Begin PBXFileReference section */
		5A0000000000000000000004 /* Turnscope.app */ = {isa = PBXFileReference; explicitFileType = wrapper.application; includeInIndex = 0; path = Turnscope.app; sourceTree = BUILT_PRODUCTS_DIR; };
		5A0000000000000000000007 /* Logos */ = {isa = PBXFileReference; lastKnownFileType = folder; path = Logos; sourceTree = "<group>"; };
		5A0000000000000000000008 /* Info.plist */ = {isa = PBXFileReference; lastKnownFileType = text.plist.xml; path = Info.plist; sourceTree = "<group>"; };
		5A0000000000000000000009 /* turnscope */ = {isa = PBXFileReference; explicitFileType = "compiled.mach-o.executable"; includeInIndex = 0; path = turnscope; sourceTree = BUILT_PRODUCTS_DIR; };
/* End PBXFileReference section */

/* Begin PBXFileSystemSynchronizedRootGroup section */
		5A0000000000000000000006 /* Turnscope */ = {isa = PBXFileSystemSynchronizedRootGroup; path = Turnscope; sourceTree = "<group>"; };
/* End PBXFileSystemSynchronizedRootGroup section */

/* Begin PBXFrameworksBuildPhase section */
		5A000000000000000000000B /* Frameworks */ = {
			isa = PBXFrameworksBuildPhase;
			buildActionMask = 2147483647;
			files = (
				5A0000000000000000000015 /* TurnscopeKit in Frameworks */,
				5A0000000000000000000016 /* Sparkle in Frameworks */,
			);
			runOnlyForDeploymentPostprocessing = 0;
		};
/* End PBXFrameworksBuildPhase section */

/* Begin PBXGroup section */
		5A0000000000000000000002 = {
			isa = PBXGroup;
			children = (
				5A0000000000000000000006 /* Turnscope */,
				5A0000000000000000000007 /* Logos */,
				5A0000000000000000000008 /* Info.plist */,
				5A0000000000000000000003 /* Products */,
			);
			sourceTree = "<group>";
		};
		5A0000000000000000000003 /* Products */ = {
			isa = PBXGroup;
			children = (
				5A0000000000000000000004 /* Turnscope.app */,
				5A0000000000000000000009 /* turnscope */,
			);
			name = Products;
			sourceTree = "<group>";
		};
/* End PBXGroup section */

/* Begin PBXNativeTarget section */
		5A0000000000000000000005 /* Turnscope */ = {
			isa = PBXNativeTarget;
			buildConfigurationList = 5A0000000000000000000018 /* Build configuration list for PBXNativeTarget "Turnscope" */;
			buildPhases = (
				5A000000000000000000000A /* Sources */,
				5A000000000000000000000B /* Frameworks */,
				5A000000000000000000000C /* Resources */,
				5A000000000000000000000D /* Build turnscope */,
				5A000000000000000000000E /* Copy Helper */,
			);
			buildRules = (
			);
			dependencies = (
			);
			fileSystemSynchronizedGroups = (
				5A0000000000000000000006 /* Turnscope */,
			);
			name = Turnscope;
			packageProductDependencies = (
				5A0000000000000000000013 /* TurnscopeKit */,
				5A0000000000000000000014 /* Sparkle */,
			);
			productName = Turnscope;
			productReference = 5A0000000000000000000004 /* Turnscope.app */;
			productType = "com.apple.product-type.application";
		};
/* End PBXNativeTarget section */

/* Begin PBXProject section */
		5A0000000000000000000001 /* Project object */ = {
			isa = PBXProject;
			attributes = {
				BuildIndependentTargetsInParallel = 1;
				LastSwiftUpdateCheck = 2600;
				LastUpgradeCheck = 2600;
			};
			buildConfigurationList = 5A0000000000000000000017 /* Build configuration list for PBXProject "Turnscope" */;
			developmentRegion = en;
			hasScannedForEncodings = 0;
			knownRegions = (
				en,
				Base,
			);
			mainGroup = 5A0000000000000000000002;
			minimizedProjectReferenceProxies = 1;
			packageReferences = (
				5A0000000000000000000011 /* XCLocalSwiftPackageReference "TurnscopeKit" */,
				5A0000000000000000000012 /* XCRemoteSwiftPackageReference "Sparkle" */,
			);
			preferredProjectObjectVersion = 77;
			productRefGroup = 5A0000000000000000000003 /* Products */;
			projectDirPath = "";
			projectRoot = "";
			targets = (
				5A0000000000000000000005 /* Turnscope */,
			);
		};
/* End PBXProject section */

/* Begin PBXResourcesBuildPhase section */
		5A000000000000000000000C /* Resources */ = {
			isa = PBXResourcesBuildPhase;
			buildActionMask = 2147483647;
			files = (
				5A000000000000000000000F /* Logos in Resources */,
			);
			runOnlyForDeploymentPostprocessing = 0;
		};
/* End PBXResourcesBuildPhase section */

/* Begin PBXShellScriptBuildPhase section */
		5A000000000000000000000D /* Build turnscope */ = {
			isa = PBXShellScriptBuildPhase;
			alwaysOutOfDate = 1;
			buildActionMask = 2147483647;
			files = (
			);
			inputFileListPaths = (
			);
			inputPaths = (
			);
			name = "Build turnscope";
			outputFileListPaths = (
			);
			outputPaths = (
				"$(BUILT_PRODUCTS_DIR)/turnscope",
			);
			runOnlyForDeploymentPostprocessing = 0;
			shellPath = /bin/sh;
			shellScript = "exec \"$PROJECT_DIR/../scripts/build-helper.sh\"\n";
			showEnvVarsInLog = 0;
		};
/* End PBXShellScriptBuildPhase section */

/* Begin PBXSourcesBuildPhase section */
		5A000000000000000000000A /* Sources */ = {
			isa = PBXSourcesBuildPhase;
			buildActionMask = 2147483647;
			files = (
			);
			runOnlyForDeploymentPostprocessing = 0;
		};
/* End PBXSourcesBuildPhase section */

/* Begin XCBuildConfiguration section */
		5A0000000000000000000019 /* Debug */ = {
			isa = XCBuildConfiguration;
			buildSettings = {
				ALWAYS_SEARCH_USER_PATHS = NO;
				CLANG_ENABLE_MODULES = YES;
				CLANG_ENABLE_OBJC_ARC = YES;
				COPY_PHASE_STRIP = NO;
				DEBUG_INFORMATION_FORMAT = dwarf;
				ENABLE_STRICT_OBJC_MSGSEND = YES;
				ENABLE_TESTABILITY = YES;
				ENABLE_USER_SCRIPT_SANDBOXING = NO;
				GCC_OPTIMIZATION_LEVEL = 0;
				MACOSX_DEPLOYMENT_TARGET = 26.0;
				ONLY_ACTIVE_ARCH = YES;
				SDKROOT = macosx;
				SWIFT_ACTIVE_COMPILATION_CONDITIONS = "DEBUG $(inherited)";
				SWIFT_OPTIMIZATION_LEVEL = "-Onone";
			};
			name = Debug;
		};
		5A000000000000000000001A /* Release */ = {
			isa = XCBuildConfiguration;
			buildSettings = {
				ALWAYS_SEARCH_USER_PATHS = NO;
				CLANG_ENABLE_MODULES = YES;
				CLANG_ENABLE_OBJC_ARC = YES;
				COPY_PHASE_STRIP = NO;
				DEBUG_INFORMATION_FORMAT = "dwarf-with-dsym";
				ENABLE_NS_ASSERTIONS = NO;
				ENABLE_STRICT_OBJC_MSGSEND = YES;
				ENABLE_USER_SCRIPT_SANDBOXING = NO;
				MACOSX_DEPLOYMENT_TARGET = 26.0;
				SDKROOT = macosx;
				SWIFT_COMPILATION_MODE = wholemodule;
			};
			name = Release;
		};
		5A000000000000000000001B /* Debug */ = {
			isa = XCBuildConfiguration;
			buildSettings = {
				ASSETCATALOG_COMPILER_APPICON_NAME = Turnscope;
				CODE_SIGN_IDENTITY = "-";
				CODE_SIGN_STYLE = Manual;
				COMBINE_HIDPI_IMAGES = YES;
				CURRENT_PROJECT_VERSION = 1;
				DEAD_CODE_STRIPPING = YES;
				ENABLE_HARDENED_RUNTIME = YES;
				INFOPLIST_FILE = Info.plist;
				LD_RUNPATH_SEARCH_PATHS = (
					"$(inherited)",
					"@executable_path/../Frameworks",
				);
				MARKETING_VERSION = 0.1.0;
				PRODUCT_BUNDLE_IDENTIFIER = com.joeychilson.turnscope;
				PRODUCT_NAME = Turnscope;
				SPARKLE_PUBLIC_KEY = "";
				SWIFT_TREAT_WARNINGS_AS_ERRORS = YES;
				SWIFT_VERSION = 6.0;
			};
			name = Debug;
		};
		5A000000000000000000001C /* Release */ = {
			isa = XCBuildConfiguration;
			buildSettings = {
				ASSETCATALOG_COMPILER_APPICON_NAME = Turnscope;
				CODE_SIGN_IDENTITY = "-";
				CODE_SIGN_STYLE = Manual;
				COMBINE_HIDPI_IMAGES = YES;
				CURRENT_PROJECT_VERSION = 1;
				DEAD_CODE_STRIPPING = YES;
				ENABLE_HARDENED_RUNTIME = YES;
				INFOPLIST_FILE = Info.plist;
				LD_RUNPATH_SEARCH_PATHS = (
					"$(inherited)",
					"@executable_path/../Frameworks",
				);
				MARKETING_VERSION = 0.1.0;
				PRODUCT_BUNDLE_IDENTIFIER = com.joeychilson.turnscope;
				PRODUCT_NAME = Turnscope;
				SPARKLE_PUBLIC_KEY = "";
				SWIFT_TREAT_WARNINGS_AS_ERRORS = YES;
				SWIFT_VERSION = 6.0;
			};
			name = Release;
		};
/* End XCBuildConfiguration section */

/* Begin XCConfigurationList section */
		5A0000000000000000000017 /* Build configuration list for PBXProject "Turnscope" */ = {
			isa = XCConfigurationList;
			buildConfigurations = (
				5A0000000000000000000019 /* Debug */,
				5A000000000000000000001A /* Release */,
			);
			defaultConfigurationIsVisible = 0;
			defaultConfigurationName = Release;
		};
		5A0000000000000000000018 /* Build configuration list for PBXNativeTarget "Turnscope" */ = {
			isa = XCConfigurationList;
			buildConfigurations = (
				5A000000000000000000001B /* Debug */,
				5A000000000000000000001C /* Release */,
			);
			defaultConfigurationIsVisible = 0;
			defaultConfigurationName = Release;
		};
/* End XCConfigurationList section */

/* Begin XCLocalSwiftPackageReference section */
		5A0000000000000000000011 /* XCLocalSwiftPackageReference "TurnscopeKit" */ = {
			isa = XCLocalSwiftPackageReference;
			relativePath = TurnscopeKit;
		};
/* End XCLocalSwiftPackageReference section */

/* Begin XCRemoteSwiftPackageReference section */
		5A0000000000000000000012 /* XCRemoteSwiftPackageReference "Sparkle" */ = {
			isa = XCRemoteSwiftPackageReference;
			repositoryURL = "https://github.com/sparkle-project/Sparkle";
			requirement = {
				kind = exactVersion;
				version = 2.10.0;
			};
		};
/* End XCRemoteSwiftPackageReference section */

/* Begin XCSwiftPackageProductDependency section */
		5A0000000000000000000013 /* TurnscopeKit */ = {
			isa = XCSwiftPackageProductDependency;
			productName = TurnscopeKit;
		};
		5A0000000000000000000014 /* Sparkle */ = {
			isa = XCSwiftPackageProductDependency;
			package = 5A0000000000000000000012 /* XCRemoteSwiftPackageReference "Sparkle" */;
			productName = Sparkle;
		};
/* End XCSwiftPackageProductDependency section */
	};
	rootObject = 5A0000000000000000000001 /* Project object */;
}
